
Microsoft Visual Studio Solution File, Format Version 12.00
# Visual Studio Version 17
VisualStudioVersion = 17.2.32630.192
MinimumVisualStudioVersion = 10.0.40219.1
Project("{FAE04EC0-301F-11D3-BF4B-00C04F79EFBC}") = "EfCoreDbFirst_2", "EfCoreDbFirst_2\EfCoreDbFirst_2.csproj", "{6174F56F-DDCA-40CB-83E9-897E9916CB9C}"
EndProject
Global
	GlobalSection(SolutionConfigurationPlatforms) = preSolution
		Debug|Any CPU = Debug|Any CPU
		Release|Any CPU = Release|Any CPU
	EndGlobalSection
	GlobalSection(ProjectConfigurationPlatforms) = postSolution
		{6174F56F-DDCA-40CB-83E9-897E9916CB9C}.Debug|Any CPU.ActiveCfg = Debug|Any CPU
		{6174F56F-DDCA-40CB-83E9-897E9916CB9C}.Debug|Any CPU.Build.0 = Debug|Any CPU
		{6174F56F-DDCA-40CB-83E9-897E9916CB9C}.Release|Any CPU.ActiveCfg = Release|Any CPU
		{6174F56F-DDCA-40CB-83E9-897E9916CB9C}.Release|Any CPU.Build.0 = Release|Any CPU
	EndGlobalSection
	GlobalSection(SolutionProperties) = preSolution
		HideSolutionNode = FALSE
	EndGlobalSection
	GlobalSection(ExtensibilityGlobals) = postSolution
		SolutionGuid = {74E70F6B-3992-4E24-A4AF-219C8F8F4343}
	EndGlobalSection
EndGlobal
